
Microsoft Visual Studio Solution File, Format Version 12.00
Project("{FAE04EC0-301F-11D3-BF4B-00C04F79EFBC}") = "SemanticKernelAgent", "SemanticKernelAgent\SemanticKernelAgent.csproj", "{5F8B0826-C14D-4047-9901-4F6EC9B66A9C}"
EndProject
Project("{2150E333-8FDC-42A3-9474-1A3956D46DE8}") = "Solution Items", "Solution Items", "{C2A7A934-1FDC-4BB9-A93E-DF745C885F96}"
	ProjectSection(SolutionItems) = preProject
		Directory.Packages.props = Directory.Packages.props
	EndProjectSection
EndProject
Project("{2150E333-8FDC-42A3-9474-1A3956D46DE8}") = "Core", "Core", "{F62C3D27-5F96-4234-82DA-37507745F0D3}"
EndProject
Project("{FAE04EC0-301F-11D3-BF4B-00C04F79EFBC}") = "CoreLogic", "CoreLogic\CoreLogic.csproj", "{C6F96A16-88FC-4970-92BF-BD66EF0AE4F7}"
EndProject
Project("{2150E333-8FDC-42A3-9474-1A3956D46DE8}") = "Applications", "Applications", "{373C0323-D0A8-4698-97D4-826B4AE2D4EF}"
EndProject
Project("{FAE04EC0-301F-11D3-BF4B-00C04F79EFBC}") = "MCPStdioServer", "MCPStdioServer\MCPStdioServer.csproj", "{5CE2434F-9BF0-4903-B1F7-1BD3B6314415}"
EndProject
Project("{FAE04EC0-301F-11D3-BF4B-00C04F79EFBC}") = "MCPHttpServer", "MCPHttpServer\MCPHttpServer.csproj", "{7456E187-D054-4F8D-8B60-837053CD8464}"
EndProject
Global
	GlobalSection(SolutionConfigurationPlatforms) = preSolution
		Debug|Any CPU = Debug|Any CPU
		Release|Any CPU = Release|Any CPU
	EndGlobalSection
	GlobalSection(ProjectConfigurationPlatforms) = postSolution
		{5F8B0826-C14D-4047-9901-4F6EC9B66A9C}.Debug|Any CPU.ActiveCfg = Debug|Any CPU
		{5F8B0826-C14D-4047-9901-4F6EC9B66A9C}.Debug|Any CPU.Build.0 = Debug|Any CPU
		{5F8B0826-C14D-4047-9901-4F6EC9B66A9C}.Release|Any CPU.ActiveCfg = Release|Any CPU
		{5F8B0826-C14D-4047-9901-4F6EC9B66A9C}.Release|Any CPU.Build.0 = Release|Any CPU
		{C6F96A16-88FC-4970-92BF-BD66EF0AE4F7}.Debug|Any CPU.ActiveCfg = Debug|Any CPU
		{C6F96A16-88FC-4970-92BF-BD66EF0AE4F7}.Debug|Any CPU.Build.0 = Debug|Any CPU
		{C6F96A16-88FC-4970-92BF-BD66EF0AE4F7}.Release|Any CPU.ActiveCfg = Release|Any CPU
		{C6F96A16-88FC-4970-92BF-BD66EF0AE4F7}.Release|Any CPU.Build.0 = Release|Any CPU
		{5CE2434F-9BF0-4903-B1F7-1BD3B6314415}.Debug|Any CPU.ActiveCfg = Debug|Any CPU
		{5CE2434F-9BF0-4903-B1F7-1BD3B6314415}.Debug|Any CPU.Build.0 = Debug|Any CPU
		{5CE2434F-9BF0-4903-B1F7-1BD3B6314415}.Release|Any CPU.ActiveCfg = Release|Any CPU
		{5CE2434F-9BF0-4903-B1F7-1BD3B6314415}.Release|Any CPU.Build.0 = Release|Any CPU
		{7456E187-D054-4F8D-8B60-837053CD8464}.Debug|Any CPU.ActiveCfg = Debug|Any CPU
		{7456E187-D054-4F8D-8B60-837053CD8464}.Debug|Any CPU.Build.0 = Debug|Any CPU
		{7456E187-D054-4F8D-8B60-837053CD8464}.Release|Any CPU.ActiveCfg = Release|Any CPU
		{7456E187-D054-4F8D-8B60-837053CD8464}.Release|Any CPU.Build.0 = Release|Any CPU
	EndGlobalSection
	GlobalSection(NestedProjects) = preSolution
		{C6F96A16-88FC-4970-92BF-BD66EF0AE4F7} = {F62C3D27-5F96-4234-82DA-37507745F0D3}
		{5F8B0826-C14D-4047-9901-4F6EC9B66A9C} = {373C0323-D0A8-4698-97D4-826B4AE2D4EF}
		{5CE2434F-9BF0-4903-B1F7-1BD3B6314415} = {373C0323-D0A8-4698-97D4-826B4AE2D4EF}
		{7456E187-D054-4F8D-8B60-837053CD8464} = {373C0323-D0A8-4698-97D4-826B4AE2D4EF}
	EndGlobalSection
EndGlobal
